
Microsoft Visual Studio Solution File, Format Version 12.00
# Visual Studio 14
VisualStudioVersion = 14.0.25420.1
MinimumVisualStudioVersion = 10.0.40219.1
Project("{FAE04EC0-301F-11D3-BF4B-00C04F79EFBC}") = "01L. Count Real Numbers", "01L. Count Real Numbers\01L. Count Real Numbers.csproj", "{6510A34D-3770-46C4-82EF-E39309215549}"
EndProject
Project("{FAE04EC0-301F-11D3-BF4B-00C04F79EFBC}") = "02L. Odd Occurrences", "02L. Odd Occurrences\02L. Odd Occurrences.csproj", "{09C6713F-494D-448B-AC93-65208143C148}"
EndProject
Project("{FAE04EC0-301F-11D3-BF4B-00C04F79EFBC}") = "03L. Sum, Min, Max, Average", "03L. Sum, Min, Max, Average\03L. Sum, Min, Max, Average.csproj", "{F38394D9-922C-46DA-AEC9-ED489729A66E}"
EndProject
Project("{FAE04EC0-301F-11D3-BF4B-00C04F79EFBC}") = "04L. Largest 3 Numbers", "04L. Largest 3 Numbers\04L. Largest 3 Numbers.csproj", "{7176A439-CAB7-43D9-8D87-06068D052160}"
EndProject
Project("{FAE04EC0-301F-11D3-BF4B-00C04F79EFBC}") = "05L. Short Words Sorted", "05L. Short Words Sorted\05L. Short Words Sorted.csproj", "{0B5182F1-12BC-4553-8416-8FEF0842459C}"
EndProject
Project("{FAE04EC0-301F-11D3-BF4B-00C04F79EFBC}") = "06L. Fold and Sum", "06L. Fold and Sum\06L. Fold and Sum.csproj", "{68664B2F-984C-4BAC-AFA8-56C0C3C94BFD}"
EndProject
Global
	GlobalSection(SolutionConfigurationPlatforms) = preSolution
		Debug|Any CPU = Debug|Any CPU
		Release|Any CPU = Release|Any CPU
	EndGlobalSection
	GlobalSection(ProjectConfigurationPlatforms) = postSolution
		{6510A34D-3770-46C4-82EF-E39309215549}.Debug|Any CPU.ActiveCfg = Debug|Any CPU
		{6510A34D-3770-46C4-82EF-E39309215549}.Debug|Any CPU.Build.0 = Debug|Any CPU
		{6510A34D-3770-46C4-82EF-E39309215549}.Release|Any CPU.ActiveCfg = Release|Any CPU
		{6510A34D-3770-46C4-82EF-E39309215549}.Release|Any CPU.Build.0 = Release|Any CPU
		{09C6713F-494D-448B-AC93-65208143C148}.Debug|Any CPU.ActiveCfg = Debug|Any CPU
		{09C6713F-494D-448B-AC93-65208143C148}.Debug|Any CPU.Build.0 = Debug|Any CPU
		{09C6713F-494D-448B-AC93-65208143C148}.Release|Any CPU.ActiveCfg = Release|Any CPU
		{09C6713F-494D-448B-AC93-65208143C148}.Release|Any CPU.Build.0 = Release|Any CPU
		{F38394D9-922C-46DA-AEC9-ED489729A66E}.Debug|Any CPU.ActiveCfg = Debug|Any CPU
		{F38394D9-922C-46DA-AEC9-ED489729A66E}.Debug|Any CPU.Build.0 = Debug|Any CPU
		{F38394D9-922C-46DA-AEC9-ED489729A66E}.Release|Any CPU.ActiveCfg = Release|Any CPU
		{F38394D9-922C-46DA-AEC9-ED489729A66E}.Release|Any CPU.Build.0 = Release|Any CPU
		{7176A439-CAB7-43D9-8D87-06068D052160}.Debug|Any CPU.ActiveCfg = Debug|Any CPU
		{7176A439-CAB7-43D9-8D87-06068D052160}.Debug|Any CPU.Build.0 = Debug|Any CPU
		{7176A439-CAB7-43D9-8D87-06068D052160}.Release|Any CPU.ActiveCfg = Release|Any CPU
		{7176A439-CAB7-43D9-8D87-06068D052160}.Release|Any CPU.Build.0 = Release|Any CPU
		{0B5182F1-12BC-4553-8416-8FEF0842459C}.Debug|Any CPU.ActiveCfg = Debug|Any CPU
		{0B5182F1-12BC-4553-8416-8FEF0842459C}.Debug|Any CPU.Build.0 = Debug|Any CPU
		{0B5182F1-12BC-4553-8416-8FEF0842459C}.Release|Any CPU.ActiveCfg = Release|Any CPU
		{0B5182F1-12BC-4553-8416-8FEF0842459C}.Release|Any CPU.Build.0 = Release|Any CPU
		{68664B2F-984C-4BAC-AFA8-56C0C3C94BFD}.Debug|Any CPU.ActiveCfg = Debug|Any CPU
		{68664B2F-984C-4BAC-AFA8-56C0C3C94BFD}.Debug|Any CPU.Build.0 = Debug|Any CPU
		{68664B2F-984C-4BAC-AFA8-56C0C3C94BFD}.Release|Any CPU.ActiveCfg = Release|Any CPU
		{68664B2F-984C-4BAC-AFA8-56C0C3C94BFD}.Release|Any CPU.Build.0 = Release|Any CPU
	EndGlobalSection
	GlobalSection(SolutionProperties) = preSolution
		HideSolutionNode = FALSE
	EndGlobalSection
EndGlobal
